{
  "version": 1,
  "dependencies": {
    "net6.0": {
      "ConsoleTables": {
        "type": "Transitive",
        "resolved": "1.0.0",
        "contentHash": "4rkFreAr7yb9mab3h5mGh5Tf0gXX3i0C2uTxKOKWqWaMeBWg3/ul82Tu9b2xDunuLKBw6X1VuOolyyZxnBHvSw=="
      },
      "Newtonsoft.Json": {
        "type": "Transitive",
        "resolved": "3.5.8",
        "contentHash": "Xmri4q9s1NjuiBtOFkWMU9sUZdw5V7kFSf3CQQ3TlDyzWQHo94d5cHNxsSlnezGAZSPfdEG5k7bOrkzTe6rUOQ=="
      },
      "routeslist.build": {
        "type": "Project",
        "dependencies": {
          "ConsoleTables": "(, )",
          "Newtonsoft.Json": "(, )"
        }
      },
      "routeslist.gen": {
        "type": "Project",
        "dependencies": {
          "ConsoleTables": "(, )",
          "RoutesList.Build": "[1.1.2, )"
        }
      }
    },
    "net7.0": {
      "ConsoleTables": {
        "type": "Transitive",
        "resolved": "1.0.0",
        "contentHash": "4rkFreAr7yb9mab3h5mGh5Tf0gXX3i0C2uTxKOKWqWaMeBWg3/ul82Tu9b2xDunuLKBw6X1VuOolyyZxnBHvSw=="
      },
      "Newtonsoft.Json": {
        "type": "Transitive",
        "resolved": "3.5.8",
        "contentHash": "Xmri4q9s1NjuiBtOFkWMU9sUZdw5V7kFSf3CQQ3TlDyzWQHo94d5cHNxsSlnezGAZSPfdEG5k7bOrkzTe6rUOQ=="
      },
      "routeslist.build": {
        "type": "Project",
        "dependencies": {
          "ConsoleTables": "(, )",
          "Newtonsoft.Json": "(, )"
        }
      },
      "routeslist.gen": {
        "type": "Project",
        "dependencies": {
          "ConsoleTables": "(, )",
          "RoutesList.Build": "[1.1.2, )"
        }
      }
    },
    "net8.0": {
      "ConsoleTables": {
        "type": "Transitive",
        "resolved": "1.0.0",
        "contentHash": "4rkFreAr7yb9mab3h5mGh5Tf0gXX3i0C2uTxKOKWqWaMeBWg3/ul82Tu9b2xDunuLKBw6X1VuOolyyZxnBHvSw=="
      },
      "Newtonsoft.Json": {
        "type": "Transitive",
        "resolved": "3.5.8",
        "contentHash": "Xmri4q9s1NjuiBtOFkWMU9sUZdw5V7kFSf3CQQ3TlDyzWQHo94d5cHNxsSlnezGAZSPfdEG5k7bOrkzTe6rUOQ=="
      },
      "routeslist.build": {
        "type": "Project",
        "dependencies": {
          "ConsoleTables": "(, )",
          "Newtonsoft.Json": "(, )"
        }
      },
      "routeslist.gen": {
        "type": "Project",
        "dependencies": {
          "ConsoleTables": "(, )",
          "RoutesList.Build": "[1.1.2, )"
        }
      }
    }
  }
}