{
  "version": 2,
  "dependencies": {
    "net6.0": {
      "Wcwidth": {
        "type": "Transitive",
        "resolved": "1.0.0",
        "contentHash": "aekut5BeF4c1Jr2qab3aXcttcgPEfPb2ok2L8911EIzn3RnDBYnUWgx/1OVlqrSXCdwAkBpNgYWXb6b5t4cBng=="
      },
      "routeslist.build": {
        "type": "Project",
        "dependencies": {
          "ConsoleTables": "[2.7.0, )",
          "Newtonsoft.Json": "[13.0.4, )"
        }
      },
      "routeslist.gen": {
        "type": "Project",
        "dependencies": {
          "ConsoleTables": "[2.7.0, )",
          "RoutesList.Build": "[1.0.0, )"
        }
      },
      "ConsoleTables": {
        "type": "CentralTransitive",
        "requested": "[2.7.0, )",
        "resolved": "2.7.0",
        "contentHash": "6l6Si/7lMaXYHiIERdqdEMIiTjvCF29fObjAmTahsTpjSaMBUv1TMm7qmrOHL32Le3ipFqhph5sm8WOJjZG9Og==",
        "dependencies": {
          "Wcwidth": "1.0.0"
        }
      },
      "Newtonsoft.Json": {
        "type": "CentralTransitive",
        "requested": "[13.0.4, )",
        "resolved": "13.0.4",
        "contentHash": "pdgNNMai3zv51W5aq268sujXUyx7SNdE2bj1wZcWjAQrKMFZV260lbqYop1d2GM67JI1huLRwxo9ZqnfF/lC6A=="
      }
    },
    "net7.0": {
      "Wcwidth": {
        "type": "Transitive",
        "resolved": "1.0.0",
        "contentHash": "aekut5BeF4c1Jr2qab3aXcttcgPEfPb2ok2L8911EIzn3RnDBYnUWgx/1OVlqrSXCdwAkBpNgYWXb6b5t4cBng=="
      },
      "routeslist.build": {
        "type": "Project",
        "dependencies": {
          "ConsoleTables": "[2.7.0, )",
          "Newtonsoft.Json": "[13.0.4, )"
        }
      },
      "routeslist.gen": {
        "type": "Project",
        "dependencies": {
          "ConsoleTables": "[2.7.0, )",
          "RoutesList.Build": "[1.0.0, )"
        }
      },
      "ConsoleTables": {
        "type": "CentralTransitive",
        "requested": "[2.7.0, )",
        "resolved": "2.7.0",
        "contentHash": "6l6Si/7lMaXYHiIERdqdEMIiTjvCF29fObjAmTahsTpjSaMBUv1TMm7qmrOHL32Le3ipFqhph5sm8WOJjZG9Og==",
        "dependencies": {
          "Wcwidth": "1.0.0"
        }
      },
      "Newtonsoft.Json": {
        "type": "CentralTransitive",
        "requested": "[13.0.4, )",
        "resolved": "13.0.4",
        "contentHash": "pdgNNMai3zv51W5aq268sujXUyx7SNdE2bj1wZcWjAQrKMFZV260lbqYop1d2GM67JI1huLRwxo9ZqnfF/lC6A=="
      }
    },
    "net8.0": {
      "Wcwidth": {
        "type": "Transitive",
        "resolved": "1.0.0",
        "contentHash": "aekut5BeF4c1Jr2qab3aXcttcgPEfPb2ok2L8911EIzn3RnDBYnUWgx/1OVlqrSXCdwAkBpNgYWXb6b5t4cBng=="
      },
      "routeslist.build": {
        "type": "Project",
        "dependencies": {
          "ConsoleTables": "[2.7.0, )",
          "Newtonsoft.Json": "[13.0.4, )"
        }
      },
      "routeslist.gen": {
        "type": "Project",
        "dependencies": {
          "ConsoleTables": "[2.7.0, )",
          "RoutesList.Build": "[1.0.0, )"
        }
      },
      "ConsoleTables": {
        "type": "CentralTransitive",
        "requested": "[2.7.0, )",
        "resolved": "2.7.0",
        "contentHash": "6l6Si/7lMaXYHiIERdqdEMIiTjvCF29fObjAmTahsTpjSaMBUv1TMm7qmrOHL32Le3ipFqhph5sm8WOJjZG9Og==",
        "dependencies": {
          "Wcwidth": "1.0.0"
        }
      },
      "Newtonsoft.Json": {
        "type": "CentralTransitive",
        "requested": "[13.0.4, )",
        "resolved": "13.0.4",
        "contentHash": "pdgNNMai3zv51W5aq268sujXUyx7SNdE2bj1wZcWjAQrKMFZV260lbqYop1d2GM67JI1huLRwxo9ZqnfF/lC6A=="
      }
    },
    "net9.0": {
      "Wcwidth": {
        "type": "Transitive",
        "resolved": "1.0.0",
        "contentHash": "aekut5BeF4c1Jr2qab3aXcttcgPEfPb2ok2L8911EIzn3RnDBYnUWgx/1OVlqrSXCdwAkBpNgYWXb6b5t4cBng=="
      },
      "routeslist.build": {
        "type": "Project",
        "dependencies": {
          "ConsoleTables": "[2.7.0, )",
          "Newtonsoft.Json": "[13.0.4, )"
        }
      },
      "routeslist.gen": {
        "type": "Project",
        "dependencies": {
          "ConsoleTables": "[2.7.0, )",
          "RoutesList.Build": "[1.0.0, )"
        }
      },
      "ConsoleTables": {
        "type": "CentralTransitive",
        "requested": "[2.7.0, )",
        "resolved": "2.7.0",
        "contentHash": "6l6Si/7lMaXYHiIERdqdEMIiTjvCF29fObjAmTahsTpjSaMBUv1TMm7qmrOHL32Le3ipFqhph5sm8WOJjZG9Og==",
        "dependencies": {
          "Wcwidth": "1.0.0"
        }
      },
      "Newtonsoft.Json": {
        "type": "CentralTransitive",
        "requested": "[13.0.4, )",
        "resolved": "13.0.4",
        "contentHash": "pdgNNMai3zv51W5aq268sujXUyx7SNdE2bj1wZcWjAQrKMFZV260lbqYop1d2GM67JI1huLRwxo9ZqnfF/lC6A=="
      }
    }
  }
}