{
  "version": 2,
  "dependencies": {
    ".NETCoreApp,Version=v3.1": {
      "coverlet.collector": {
        "type": "Direct",
        "requested": "[6.0.2, )",
        "resolved": "6.0.2",
        "contentHash": "bJShQ6uWRTQ100ZeyiMqcFlhP7WJ+bCuabUs885dJiBEzMsJMSFr7BOyeCw4rgvQokteGi5rKQTlkhfQPUXg2A=="
      },
      "Microsoft.NET.Test.Sdk": {
        "type": "Direct",
        "requested": "[17.0.0, 18.0.0)",
        "resolved": "17.0.0",
        "contentHash": "fJcnMY3jX1MzJvhGvUWauRhU5eQsOaHdwlrcnI3NabBhbi8WLAkMFI8d0YnewA/+b9q/U7vbhp8Xmh1vJ05FYQ==",
        "dependencies": {
          "Microsoft.CodeCoverage": "17.0.0",
          "Microsoft.TestPlatform.TestHost": "17.0.0"
        }
      },
      "xunit": {
        "type": "Direct",
        "requested": "[2.8.0, )",
        "resolved": "2.8.0",
        "contentHash": "US3a3twJziAif1kFPGdk9fALwILHxV0n1roX5j67bN/d3o4DGNLHnV3tr5ZX+uinVrzfkf0avH3zGX8JPBC0qA==",
        "dependencies": {
          "xunit.analyzers": "1.13.0",
          "xunit.assert": "2.8.0",
          "xunit.core": "[2.8.0]"
        }
      },
      "xunit.runner.visualstudio": {
        "type": "Direct",
        "requested": "[2.4.2, 2.4.2]",
        "resolved": "2.4.2",
        "contentHash": "Trt9multph2KE3U0p9oBt0k4Fq6lUv4btUcONaQEeuFnMCak2k/b7PAArbLtMFW7HO1jxlBHUgIPKEqci3Y1dg=="
      },
      "Microsoft.CodeCoverage": {
        "type": "Transitive",
        "resolved": "17.0.0",
        "contentHash": "+B+09FPYBtf+cXfZOPIgpnP5mzLq5QdlBo+JEFy9CdqBaWHWE/YMY0Mos9uDsZhcgFegJm9GigAgMyqBZyfq+Q=="
      },
      "Microsoft.TestPlatform.ObjectModel": {
        "type": "Transitive",
        "resolved": "17.0.0",
        "contentHash": "WMugCdPkA8U/BsSRc+3RN+DXcaYSDvp/s0MofVld08iF1O5fek4iKecygk6NruNf1rgJsv4LK71mrwbyeqhzHA==",
        "dependencies": {
          "NuGet.Frameworks": "5.0.0",
          "System.Reflection.Metadata": "1.6.0"
        }
      },
      "Microsoft.TestPlatform.TestHost": {
        "type": "Transitive",
        "resolved": "17.0.0",
        "contentHash": "xkKFzm0hylHF0SlDj78ACYMJC/i8fQ3i16sDDNYoKnjTsstGSQfuSBJ+QT4nqRXk/fOiYTh+iY0KIX5N7HTLuQ==",
        "dependencies": {
          "Microsoft.TestPlatform.ObjectModel": "17.0.0",
          "Newtonsoft.Json": "9.0.1"
        }
      },
      "NuGet.Frameworks": {
        "type": "Transitive",
        "resolved": "5.0.0",
        "contentHash": "c5JVjuVAm4f7E9Vj+v09Z9s2ZsqFDjBpcsyS3M9xRo0bEdm/LVZSzLxxNvfvAwRiiE8nwe1h2G4OwiwlzFKXlA=="
      },
      "System.Reflection.Metadata": {
        "type": "Transitive",
        "resolved": "1.6.0",
        "contentHash": "COC1aiAJjCoA5GBF+QKL2uLqEBew4JsCkQmoHKbN3TlOZKa2fKLz5CpiRQKDz0RsAOEGsVKqOD5bomsXq/4STQ=="
      },
      "xunit.abstractions": {
        "type": "Transitive",
        "resolved": "2.0.3",
        "contentHash": "pot1I4YOxlWjIb5jmwvvQNbTrZ3lJQ+jUGkGjWE3hEFM0l5gOnBWS+H3qsex68s5cO52g+44vpGzhAt+42vwKg=="
      },
      "xunit.analyzers": {
        "type": "Transitive",
        "resolved": "1.13.0",
        "contentHash": "Pai9YnDV71/Ox14nBHB6/f62iyPyLbmUG/YYMiA4dfdFZvr0gIYE9yGxSr0i5Tr3INK75wgL2MCUNEKpeiZ2Fw=="
      },
      "xunit.assert": {
        "type": "Transitive",
        "resolved": "2.8.0",
        "contentHash": "lwf7Dy5/5HbDkaPx1YrGXCByytCEEcIn+KPI74jh2BD/RU/7RhO8c+S3k0Ph+Mr7+cLf338fl+o6UcgPCLa6PA=="
      },
      "xunit.core": {
        "type": "Transitive",
        "resolved": "2.8.0",
        "contentHash": "McSTFGTETCxLpmJKE9TWi9FtFthrRbpRrjz2V2g8sK2wRt1+JHs15vwi+B+nfftFkV9aFWIXZfzZM95TIGZNIA==",
        "dependencies": {
          "xunit.extensibility.core": "[2.8.0]",
          "xunit.extensibility.execution": "[2.8.0]"
        }
      },
      "xunit.extensibility.core": {
        "type": "Transitive",
        "resolved": "2.8.0",
        "contentHash": "eBJv9xQeY0p5z+C/L1tFjUFYqtl5pQqIEYCGTMl+MbRzA7sOlgYKwJE//vEePBp+mgBh7NjD0Qhz0liZBYM27w==",
        "dependencies": {
          "xunit.abstractions": "2.0.3"
        }
      },
      "xunit.extensibility.execution": {
        "type": "Transitive",
        "resolved": "2.8.0",
        "contentHash": "TyyrZesHB9ODZMS9c73OqiBz4x0vL944JCkSPBWW5w6PF2LlUfdfXRjjOhoIOuY6lTmEgl07rS4/Jot9mCYnpg==",
        "dependencies": {
          "xunit.extensibility.core": "[2.8.0]"
        }
      },
      "routeslist.build": {
        "type": "Project",
        "dependencies": {
          "ConsoleTables": "[2.6.1, )",
          "Newtonsoft.Json": "[13.0.3, )"
        }
      },
      "routeslist.gen": {
        "type": "Project",
        "dependencies": {
          "ConsoleTables": "[2.6.1, )",
          "RoutesList.Build": "[1.1.3, )"
        }
      },
      "ConsoleTables": {
        "type": "CentralTransitive",
        "requested": "[2.6.1, )",
        "resolved": "2.6.1",
        "contentHash": "TyU885plpk88kMxgayy5+QQvtt/t3ZR45+vSvaKqZiaK+YsGVE6Mv7sV3fwjUMv3jHT15DdkpxW/+o+uc+bAJQ=="
      },
      "Newtonsoft.Json": {
        "type": "CentralTransitive",
        "requested": "[13.0.3, )",
        "resolved": "13.0.3",
        "contentHash": "HrC5BXdl00IP9zeV+0Z848QWPAoCr9P3bDEZguI+gkLcBKAOxix/tLEAAHC+UvDNPv4a2d18lOReHMOagPa+zQ=="
      }
    },
    ".NETCoreApp,Version=v5.0": {
      "coverlet.collector": {
        "type": "Direct",
        "requested": "[6.0.2, )",
        "resolved": "6.0.2",
        "contentHash": "bJShQ6uWRTQ100ZeyiMqcFlhP7WJ+bCuabUs885dJiBEzMsJMSFr7BOyeCw4rgvQokteGi5rKQTlkhfQPUXg2A=="
      },
      "Microsoft.NET.Test.Sdk": {
        "type": "Direct",
        "requested": "[17.0.0, 18.0.0)",
        "resolved": "17.0.0",
        "contentHash": "fJcnMY3jX1MzJvhGvUWauRhU5eQsOaHdwlrcnI3NabBhbi8WLAkMFI8d0YnewA/+b9q/U7vbhp8Xmh1vJ05FYQ==",
        "dependencies": {
          "Microsoft.CodeCoverage": "17.0.0",
          "Microsoft.TestPlatform.TestHost": "17.0.0"
        }
      },
      "xunit": {
        "type": "Direct",
        "requested": "[2.8.0, )",
        "resolved": "2.8.0",
        "contentHash": "US3a3twJziAif1kFPGdk9fALwILHxV0n1roX5j67bN/d3o4DGNLHnV3tr5ZX+uinVrzfkf0avH3zGX8JPBC0qA==",
        "dependencies": {
          "xunit.analyzers": "1.13.0",
          "xunit.assert": "2.8.0",
          "xunit.core": "[2.8.0]"
        }
      },
      "xunit.runner.visualstudio": {
        "type": "Direct",
        "requested": "[2.4.2, 2.4.2]",
        "resolved": "2.4.2",
        "contentHash": "Trt9multph2KE3U0p9oBt0k4Fq6lUv4btUcONaQEeuFnMCak2k/b7PAArbLtMFW7HO1jxlBHUgIPKEqci3Y1dg=="
      },
      "Microsoft.CodeCoverage": {
        "type": "Transitive",
        "resolved": "17.0.0",
        "contentHash": "+B+09FPYBtf+cXfZOPIgpnP5mzLq5QdlBo+JEFy9CdqBaWHWE/YMY0Mos9uDsZhcgFegJm9GigAgMyqBZyfq+Q=="
      },
      "Microsoft.TestPlatform.ObjectModel": {
        "type": "Transitive",
        "resolved": "17.0.0",
        "contentHash": "WMugCdPkA8U/BsSRc+3RN+DXcaYSDvp/s0MofVld08iF1O5fek4iKecygk6NruNf1rgJsv4LK71mrwbyeqhzHA==",
        "dependencies": {
          "NuGet.Frameworks": "5.0.0",
          "System.Reflection.Metadata": "1.6.0"
        }
      },
      "Microsoft.TestPlatform.TestHost": {
        "type": "Transitive",
        "resolved": "17.0.0",
        "contentHash": "xkKFzm0hylHF0SlDj78ACYMJC/i8fQ3i16sDDNYoKnjTsstGSQfuSBJ+QT4nqRXk/fOiYTh+iY0KIX5N7HTLuQ==",
        "dependencies": {
          "Microsoft.TestPlatform.ObjectModel": "17.0.0",
          "Newtonsoft.Json": "9.0.1"
        }
      },
      "NuGet.Frameworks": {
        "type": "Transitive",
        "resolved": "5.0.0",
        "contentHash": "c5JVjuVAm4f7E9Vj+v09Z9s2ZsqFDjBpcsyS3M9xRo0bEdm/LVZSzLxxNvfvAwRiiE8nwe1h2G4OwiwlzFKXlA=="
      },
      "System.Reflection.Metadata": {
        "type": "Transitive",
        "resolved": "1.6.0",
        "contentHash": "COC1aiAJjCoA5GBF+QKL2uLqEBew4JsCkQmoHKbN3TlOZKa2fKLz5CpiRQKDz0RsAOEGsVKqOD5bomsXq/4STQ=="
      },
      "xunit.abstractions": {
        "type": "Transitive",
        "resolved": "2.0.3",
        "contentHash": "pot1I4YOxlWjIb5jmwvvQNbTrZ3lJQ+jUGkGjWE3hEFM0l5gOnBWS+H3qsex68s5cO52g+44vpGzhAt+42vwKg=="
      },
      "xunit.analyzers": {
        "type": "Transitive",
        "resolved": "1.13.0",
        "contentHash": "Pai9YnDV71/Ox14nBHB6/f62iyPyLbmUG/YYMiA4dfdFZvr0gIYE9yGxSr0i5Tr3INK75wgL2MCUNEKpeiZ2Fw=="
      },
      "xunit.assert": {
        "type": "Transitive",
        "resolved": "2.8.0",
        "contentHash": "lwf7Dy5/5HbDkaPx1YrGXCByytCEEcIn+KPI74jh2BD/RU/7RhO8c+S3k0Ph+Mr7+cLf338fl+o6UcgPCLa6PA=="
      },
      "xunit.core": {
        "type": "Transitive",
        "resolved": "2.8.0",
        "contentHash": "McSTFGTETCxLpmJKE9TWi9FtFthrRbpRrjz2V2g8sK2wRt1+JHs15vwi+B+nfftFkV9aFWIXZfzZM95TIGZNIA==",
        "dependencies": {
          "xunit.extensibility.core": "[2.8.0]",
          "xunit.extensibility.execution": "[2.8.0]"
        }
      },
      "xunit.extensibility.core": {
        "type": "Transitive",
        "resolved": "2.8.0",
        "contentHash": "eBJv9xQeY0p5z+C/L1tFjUFYqtl5pQqIEYCGTMl+MbRzA7sOlgYKwJE//vEePBp+mgBh7NjD0Qhz0liZBYM27w==",
        "dependencies": {
          "xunit.abstractions": "2.0.3"
        }
      },
      "xunit.extensibility.execution": {
        "type": "Transitive",
        "resolved": "2.8.0",
        "contentHash": "TyyrZesHB9ODZMS9c73OqiBz4x0vL944JCkSPBWW5w6PF2LlUfdfXRjjOhoIOuY6lTmEgl07rS4/Jot9mCYnpg==",
        "dependencies": {
          "xunit.extensibility.core": "[2.8.0]"
        }
      },
      "routeslist.build": {
        "type": "Project",
        "dependencies": {
          "ConsoleTables": "[2.6.1, )",
          "Newtonsoft.Json": "[13.0.3, )"
        }
      },
      "routeslist.gen": {
        "type": "Project",
        "dependencies": {
          "ConsoleTables": "[2.6.1, )",
          "RoutesList.Build": "[1.1.3, )"
        }
      },
      "ConsoleTables": {
        "type": "CentralTransitive",
        "requested": "[2.6.1, )",
        "resolved": "2.6.1",
        "contentHash": "TyU885plpk88kMxgayy5+QQvtt/t3ZR45+vSvaKqZiaK+YsGVE6Mv7sV3fwjUMv3jHT15DdkpxW/+o+uc+bAJQ=="
      },
      "Newtonsoft.Json": {
        "type": "CentralTransitive",
        "requested": "[13.0.3, )",
        "resolved": "13.0.3",
        "contentHash": "HrC5BXdl00IP9zeV+0Z848QWPAoCr9P3bDEZguI+gkLcBKAOxix/tLEAAHC+UvDNPv4a2d18lOReHMOagPa+zQ=="
      }
    },
    "net6.0": {
      "coverlet.collector": {
        "type": "Direct",
        "requested": "[6.0.2, )",
        "resolved": "6.0.2",
        "contentHash": "bJShQ6uWRTQ100ZeyiMqcFlhP7WJ+bCuabUs885dJiBEzMsJMSFr7BOyeCw4rgvQokteGi5rKQTlkhfQPUXg2A=="
      },
      "Microsoft.NET.Test.Sdk": {
        "type": "Direct",
        "requested": "[17.0.0, 18.0.0)",
        "resolved": "17.0.0",
        "contentHash": "fJcnMY3jX1MzJvhGvUWauRhU5eQsOaHdwlrcnI3NabBhbi8WLAkMFI8d0YnewA/+b9q/U7vbhp8Xmh1vJ05FYQ==",
        "dependencies": {
          "Microsoft.CodeCoverage": "17.0.0",
          "Microsoft.TestPlatform.TestHost": "17.0.0"
        }
      },
      "xunit": {
        "type": "Direct",
        "requested": "[2.8.0, )",
        "resolved": "2.8.0",
        "contentHash": "US3a3twJziAif1kFPGdk9fALwILHxV0n1roX5j67bN/d3o4DGNLHnV3tr5ZX+uinVrzfkf0avH3zGX8JPBC0qA==",
        "dependencies": {
          "xunit.analyzers": "1.13.0",
          "xunit.assert": "2.8.0",
          "xunit.core": "[2.8.0]"
        }
      },
      "xunit.runner.visualstudio": {
        "type": "Direct",
        "requested": "[2.5.0, )",
        "resolved": "2.5.0",
        "contentHash": "+Gp9vuC2431yPyKB15YrOTxCuEAErBQUTIs6CquumX1F073UaPHGW0VE/XVJLMh9W4sXdz3TBkcHdFWZrRn2Hw=="
      },
      "Microsoft.CodeCoverage": {
        "type": "Transitive",
        "resolved": "17.0.0",
        "contentHash": "+B+09FPYBtf+cXfZOPIgpnP5mzLq5QdlBo+JEFy9CdqBaWHWE/YMY0Mos9uDsZhcgFegJm9GigAgMyqBZyfq+Q=="
      },
      "Microsoft.TestPlatform.ObjectModel": {
        "type": "Transitive",
        "resolved": "17.0.0",
        "contentHash": "WMugCdPkA8U/BsSRc+3RN+DXcaYSDvp/s0MofVld08iF1O5fek4iKecygk6NruNf1rgJsv4LK71mrwbyeqhzHA==",
        "dependencies": {
          "NuGet.Frameworks": "5.0.0",
          "System.Reflection.Metadata": "1.6.0"
        }
      },
      "Microsoft.TestPlatform.TestHost": {
        "type": "Transitive",
        "resolved": "17.0.0",
        "contentHash": "xkKFzm0hylHF0SlDj78ACYMJC/i8fQ3i16sDDNYoKnjTsstGSQfuSBJ+QT4nqRXk/fOiYTh+iY0KIX5N7HTLuQ==",
        "dependencies": {
          "Microsoft.TestPlatform.ObjectModel": "17.0.0",
          "Newtonsoft.Json": "9.0.1"
        }
      },
      "NuGet.Frameworks": {
        "type": "Transitive",
        "resolved": "5.0.0",
        "contentHash": "c5JVjuVAm4f7E9Vj+v09Z9s2ZsqFDjBpcsyS3M9xRo0bEdm/LVZSzLxxNvfvAwRiiE8nwe1h2G4OwiwlzFKXlA=="
      },
      "System.Reflection.Metadata": {
        "type": "Transitive",
        "resolved": "1.6.0",
        "contentHash": "COC1aiAJjCoA5GBF+QKL2uLqEBew4JsCkQmoHKbN3TlOZKa2fKLz5CpiRQKDz0RsAOEGsVKqOD5bomsXq/4STQ=="
      },
      "xunit.abstractions": {
        "type": "Transitive",
        "resolved": "2.0.3",
        "contentHash": "pot1I4YOxlWjIb5jmwvvQNbTrZ3lJQ+jUGkGjWE3hEFM0l5gOnBWS+H3qsex68s5cO52g+44vpGzhAt+42vwKg=="
      },
      "xunit.analyzers": {
        "type": "Transitive",
        "resolved": "1.13.0",
        "contentHash": "Pai9YnDV71/Ox14nBHB6/f62iyPyLbmUG/YYMiA4dfdFZvr0gIYE9yGxSr0i5Tr3INK75wgL2MCUNEKpeiZ2Fw=="
      },
      "xunit.assert": {
        "type": "Transitive",
        "resolved": "2.8.0",
        "contentHash": "lwf7Dy5/5HbDkaPx1YrGXCByytCEEcIn+KPI74jh2BD/RU/7RhO8c+S3k0Ph+Mr7+cLf338fl+o6UcgPCLa6PA=="
      },
      "xunit.core": {
        "type": "Transitive",
        "resolved": "2.8.0",
        "contentHash": "McSTFGTETCxLpmJKE9TWi9FtFthrRbpRrjz2V2g8sK2wRt1+JHs15vwi+B+nfftFkV9aFWIXZfzZM95TIGZNIA==",
        "dependencies": {
          "xunit.extensibility.core": "[2.8.0]",
          "xunit.extensibility.execution": "[2.8.0]"
        }
      },
      "xunit.extensibility.core": {
        "type": "Transitive",
        "resolved": "2.8.0",
        "contentHash": "eBJv9xQeY0p5z+C/L1tFjUFYqtl5pQqIEYCGTMl+MbRzA7sOlgYKwJE//vEePBp+mgBh7NjD0Qhz0liZBYM27w==",
        "dependencies": {
          "xunit.abstractions": "2.0.3"
        }
      },
      "xunit.extensibility.execution": {
        "type": "Transitive",
        "resolved": "2.8.0",
        "contentHash": "TyyrZesHB9ODZMS9c73OqiBz4x0vL944JCkSPBWW5w6PF2LlUfdfXRjjOhoIOuY6lTmEgl07rS4/Jot9mCYnpg==",
        "dependencies": {
          "xunit.extensibility.core": "[2.8.0]"
        }
      },
      "routeslist.build": {
        "type": "Project",
        "dependencies": {
          "ConsoleTables": "[2.6.1, )",
          "Newtonsoft.Json": "[13.0.3, )"
        }
      },
      "routeslist.gen": {
        "type": "Project",
        "dependencies": {
          "ConsoleTables": "[2.6.1, )",
          "RoutesList.Build": "[1.1.3, )"
        }
      },
      "ConsoleTables": {
        "type": "CentralTransitive",
        "requested": "[2.6.1, )",
        "resolved": "2.6.1",
        "contentHash": "TyU885plpk88kMxgayy5+QQvtt/t3ZR45+vSvaKqZiaK+YsGVE6Mv7sV3fwjUMv3jHT15DdkpxW/+o+uc+bAJQ=="
      },
      "Newtonsoft.Json": {
        "type": "CentralTransitive",
        "requested": "[13.0.3, )",
        "resolved": "13.0.3",
        "contentHash": "HrC5BXdl00IP9zeV+0Z848QWPAoCr9P3bDEZguI+gkLcBKAOxix/tLEAAHC+UvDNPv4a2d18lOReHMOagPa+zQ=="
      }
    },
    "net7.0": {
      "coverlet.collector": {
        "type": "Direct",
        "requested": "[6.0.2, )",
        "resolved": "6.0.2",
        "contentHash": "bJShQ6uWRTQ100ZeyiMqcFlhP7WJ+bCuabUs885dJiBEzMsJMSFr7BOyeCw4rgvQokteGi5rKQTlkhfQPUXg2A=="
      },
      "Microsoft.NET.Test.Sdk": {
        "type": "Direct",
        "requested": "[17.0.0, 18.0.0)",
        "resolved": "17.0.0",
        "contentHash": "fJcnMY3jX1MzJvhGvUWauRhU5eQsOaHdwlrcnI3NabBhbi8WLAkMFI8d0YnewA/+b9q/U7vbhp8Xmh1vJ05FYQ==",
        "dependencies": {
          "Microsoft.CodeCoverage": "17.0.0",
          "Microsoft.TestPlatform.TestHost": "17.0.0"
        }
      },
      "xunit": {
        "type": "Direct",
        "requested": "[2.8.0, )",
        "resolved": "2.8.0",
        "contentHash": "US3a3twJziAif1kFPGdk9fALwILHxV0n1roX5j67bN/d3o4DGNLHnV3tr5ZX+uinVrzfkf0avH3zGX8JPBC0qA==",
        "dependencies": {
          "xunit.analyzers": "1.13.0",
          "xunit.assert": "2.8.0",
          "xunit.core": "[2.8.0]"
        }
      },
      "xunit.runner.visualstudio": {
        "type": "Direct",
        "requested": "[2.5.0, )",
        "resolved": "2.5.0",
        "contentHash": "+Gp9vuC2431yPyKB15YrOTxCuEAErBQUTIs6CquumX1F073UaPHGW0VE/XVJLMh9W4sXdz3TBkcHdFWZrRn2Hw=="
      },
      "Microsoft.CodeCoverage": {
        "type": "Transitive",
        "resolved": "17.0.0",
        "contentHash": "+B+09FPYBtf+cXfZOPIgpnP5mzLq5QdlBo+JEFy9CdqBaWHWE/YMY0Mos9uDsZhcgFegJm9GigAgMyqBZyfq+Q=="
      },
      "Microsoft.TestPlatform.ObjectModel": {
        "type": "Transitive",
        "resolved": "17.0.0",
        "contentHash": "WMugCdPkA8U/BsSRc+3RN+DXcaYSDvp/s0MofVld08iF1O5fek4iKecygk6NruNf1rgJsv4LK71mrwbyeqhzHA==",
        "dependencies": {
          "NuGet.Frameworks": "5.0.0",
          "System.Reflection.Metadata": "1.6.0"
        }
      },
      "Microsoft.TestPlatform.TestHost": {
        "type": "Transitive",
        "resolved": "17.0.0",
        "contentHash": "xkKFzm0hylHF0SlDj78ACYMJC/i8fQ3i16sDDNYoKnjTsstGSQfuSBJ+QT4nqRXk/fOiYTh+iY0KIX5N7HTLuQ==",
        "dependencies": {
          "Microsoft.TestPlatform.ObjectModel": "17.0.0",
          "Newtonsoft.Json": "9.0.1"
        }
      },
      "NuGet.Frameworks": {
        "type": "Transitive",
        "resolved": "5.0.0",
        "contentHash": "c5JVjuVAm4f7E9Vj+v09Z9s2ZsqFDjBpcsyS3M9xRo0bEdm/LVZSzLxxNvfvAwRiiE8nwe1h2G4OwiwlzFKXlA=="
      },
      "System.Reflection.Metadata": {
        "type": "Transitive",
        "resolved": "1.6.0",
        "contentHash": "COC1aiAJjCoA5GBF+QKL2uLqEBew4JsCkQmoHKbN3TlOZKa2fKLz5CpiRQKDz0RsAOEGsVKqOD5bomsXq/4STQ=="
      },
      "xunit.abstractions": {
        "type": "Transitive",
        "resolved": "2.0.3",
        "contentHash": "pot1I4YOxlWjIb5jmwvvQNbTrZ3lJQ+jUGkGjWE3hEFM0l5gOnBWS+H3qsex68s5cO52g+44vpGzhAt+42vwKg=="
      },
      "xunit.analyzers": {
        "type": "Transitive",
        "resolved": "1.13.0",
        "contentHash": "Pai9YnDV71/Ox14nBHB6/f62iyPyLbmUG/YYMiA4dfdFZvr0gIYE9yGxSr0i5Tr3INK75wgL2MCUNEKpeiZ2Fw=="
      },
      "xunit.assert": {
        "type": "Transitive",
        "resolved": "2.8.0",
        "contentHash": "lwf7Dy5/5HbDkaPx1YrGXCByytCEEcIn+KPI74jh2BD/RU/7RhO8c+S3k0Ph+Mr7+cLf338fl+o6UcgPCLa6PA=="
      },
      "xunit.core": {
        "type": "Transitive",
        "resolved": "2.8.0",
        "contentHash": "McSTFGTETCxLpmJKE9TWi9FtFthrRbpRrjz2V2g8sK2wRt1+JHs15vwi+B+nfftFkV9aFWIXZfzZM95TIGZNIA==",
        "dependencies": {
          "xunit.extensibility.core": "[2.8.0]",
          "xunit.extensibility.execution": "[2.8.0]"
        }
      },
      "xunit.extensibility.core": {
        "type": "Transitive",
        "resolved": "2.8.0",
        "contentHash": "eBJv9xQeY0p5z+C/L1tFjUFYqtl5pQqIEYCGTMl+MbRzA7sOlgYKwJE//vEePBp+mgBh7NjD0Qhz0liZBYM27w==",
        "dependencies": {
          "xunit.abstractions": "2.0.3"
        }
      },
      "xunit.extensibility.execution": {
        "type": "Transitive",
        "resolved": "2.8.0",
        "contentHash": "TyyrZesHB9ODZMS9c73OqiBz4x0vL944JCkSPBWW5w6PF2LlUfdfXRjjOhoIOuY6lTmEgl07rS4/Jot9mCYnpg==",
        "dependencies": {
          "xunit.extensibility.core": "[2.8.0]"
        }
      },
      "routeslist.build": {
        "type": "Project",
        "dependencies": {
          "ConsoleTables": "[2.6.1, )",
          "Newtonsoft.Json": "[13.0.3, )"
        }
      },
      "routeslist.gen": {
        "type": "Project",
        "dependencies": {
          "ConsoleTables": "[2.6.1, )",
          "RoutesList.Build": "[1.1.3, )"
        }
      },
      "ConsoleTables": {
        "type": "CentralTransitive",
        "requested": "[2.6.1, )",
        "resolved": "2.6.1",
        "contentHash": "TyU885plpk88kMxgayy5+QQvtt/t3ZR45+vSvaKqZiaK+YsGVE6Mv7sV3fwjUMv3jHT15DdkpxW/+o+uc+bAJQ=="
      },
      "Newtonsoft.Json": {
        "type": "CentralTransitive",
        "requested": "[13.0.3, )",
        "resolved": "13.0.3",
        "contentHash": "HrC5BXdl00IP9zeV+0Z848QWPAoCr9P3bDEZguI+gkLcBKAOxix/tLEAAHC+UvDNPv4a2d18lOReHMOagPa+zQ=="
      }
    },
    "net8.0": {
      "coverlet.collector": {
        "type": "Direct",
        "requested": "[6.0.2, )",
        "resolved": "6.0.2",
        "contentHash": "bJShQ6uWRTQ100ZeyiMqcFlhP7WJ+bCuabUs885dJiBEzMsJMSFr7BOyeCw4rgvQokteGi5rKQTlkhfQPUXg2A=="
      },
      "Microsoft.NET.Test.Sdk": {
        "type": "Direct",
        "requested": "[17.0.0, 18.0.0)",
        "resolved": "17.0.0",
        "contentHash": "fJcnMY3jX1MzJvhGvUWauRhU5eQsOaHdwlrcnI3NabBhbi8WLAkMFI8d0YnewA/+b9q/U7vbhp8Xmh1vJ05FYQ==",
        "dependencies": {
          "Microsoft.CodeCoverage": "17.0.0",
          "Microsoft.TestPlatform.TestHost": "17.0.0"
        }
      },
      "xunit": {
        "type": "Direct",
        "requested": "[2.8.0, )",
        "resolved": "2.8.0",
        "contentHash": "US3a3twJziAif1kFPGdk9fALwILHxV0n1roX5j67bN/d3o4DGNLHnV3tr5ZX+uinVrzfkf0avH3zGX8JPBC0qA==",
        "dependencies": {
          "xunit.analyzers": "1.13.0",
          "xunit.assert": "2.8.0",
          "xunit.core": "[2.8.0]"
        }
      },
      "xunit.runner.visualstudio": {
        "type": "Direct",
        "requested": "[2.8.0, )",
        "resolved": "2.8.0",
        "contentHash": "mqQbS2zr8dfgSWxkNOC6UTzO8JoqpTmM5+FFn2XR/2nVmx2JvEY0YbM5pt2FmXVg9YVe+jKUPHd6KrroyCl67w=="
      },
      "Microsoft.CodeCoverage": {
        "type": "Transitive",
        "resolved": "17.0.0",
        "contentHash": "+B+09FPYBtf+cXfZOPIgpnP5mzLq5QdlBo+JEFy9CdqBaWHWE/YMY0Mos9uDsZhcgFegJm9GigAgMyqBZyfq+Q=="
      },
      "Microsoft.TestPlatform.ObjectModel": {
        "type": "Transitive",
        "resolved": "17.0.0",
        "contentHash": "WMugCdPkA8U/BsSRc+3RN+DXcaYSDvp/s0MofVld08iF1O5fek4iKecygk6NruNf1rgJsv4LK71mrwbyeqhzHA==",
        "dependencies": {
          "NuGet.Frameworks": "5.0.0",
          "System.Reflection.Metadata": "1.6.0"
        }
      },
      "Microsoft.TestPlatform.TestHost": {
        "type": "Transitive",
        "resolved": "17.0.0",
        "contentHash": "xkKFzm0hylHF0SlDj78ACYMJC/i8fQ3i16sDDNYoKnjTsstGSQfuSBJ+QT4nqRXk/fOiYTh+iY0KIX5N7HTLuQ==",
        "dependencies": {
          "Microsoft.TestPlatform.ObjectModel": "17.0.0",
          "Newtonsoft.Json": "9.0.1"
        }
      },
      "NuGet.Frameworks": {
        "type": "Transitive",
        "resolved": "5.0.0",
        "contentHash": "c5JVjuVAm4f7E9Vj+v09Z9s2ZsqFDjBpcsyS3M9xRo0bEdm/LVZSzLxxNvfvAwRiiE8nwe1h2G4OwiwlzFKXlA=="
      },
      "System.Reflection.Metadata": {
        "type": "Transitive",
        "resolved": "1.6.0",
        "contentHash": "COC1aiAJjCoA5GBF+QKL2uLqEBew4JsCkQmoHKbN3TlOZKa2fKLz5CpiRQKDz0RsAOEGsVKqOD5bomsXq/4STQ=="
      },
      "xunit.abstractions": {
        "type": "Transitive",
        "resolved": "2.0.3",
        "contentHash": "pot1I4YOxlWjIb5jmwvvQNbTrZ3lJQ+jUGkGjWE3hEFM0l5gOnBWS+H3qsex68s5cO52g+44vpGzhAt+42vwKg=="
      },
      "xunit.analyzers": {
        "type": "Transitive",
        "resolved": "1.13.0",
        "contentHash": "Pai9YnDV71/Ox14nBHB6/f62iyPyLbmUG/YYMiA4dfdFZvr0gIYE9yGxSr0i5Tr3INK75wgL2MCUNEKpeiZ2Fw=="
      },
      "xunit.assert": {
        "type": "Transitive",
        "resolved": "2.8.0",
        "contentHash": "lwf7Dy5/5HbDkaPx1YrGXCByytCEEcIn+KPI74jh2BD/RU/7RhO8c+S3k0Ph+Mr7+cLf338fl+o6UcgPCLa6PA=="
      },
      "xunit.core": {
        "type": "Transitive",
        "resolved": "2.8.0",
        "contentHash": "McSTFGTETCxLpmJKE9TWi9FtFthrRbpRrjz2V2g8sK2wRt1+JHs15vwi+B+nfftFkV9aFWIXZfzZM95TIGZNIA==",
        "dependencies": {
          "xunit.extensibility.core": "[2.8.0]",
          "xunit.extensibility.execution": "[2.8.0]"
        }
      },
      "xunit.extensibility.core": {
        "type": "Transitive",
        "resolved": "2.8.0",
        "contentHash": "eBJv9xQeY0p5z+C/L1tFjUFYqtl5pQqIEYCGTMl+MbRzA7sOlgYKwJE//vEePBp+mgBh7NjD0Qhz0liZBYM27w==",
        "dependencies": {
          "xunit.abstractions": "2.0.3"
        }
      },
      "xunit.extensibility.execution": {
        "type": "Transitive",
        "resolved": "2.8.0",
        "contentHash": "TyyrZesHB9ODZMS9c73OqiBz4x0vL944JCkSPBWW5w6PF2LlUfdfXRjjOhoIOuY6lTmEgl07rS4/Jot9mCYnpg==",
        "dependencies": {
          "xunit.extensibility.core": "[2.8.0]"
        }
      },
      "routeslist.build": {
        "type": "Project",
        "dependencies": {
          "ConsoleTables": "[2.6.1, )",
          "Newtonsoft.Json": "[13.0.3, )"
        }
      },
      "routeslist.gen": {
        "type": "Project",
        "dependencies": {
          "ConsoleTables": "[2.6.1, )",
          "RoutesList.Build": "[1.1.3, )"
        }
      },
      "ConsoleTables": {
        "type": "CentralTransitive",
        "requested": "[2.6.1, )",
        "resolved": "2.6.1",
        "contentHash": "TyU885plpk88kMxgayy5+QQvtt/t3ZR45+vSvaKqZiaK+YsGVE6Mv7sV3fwjUMv3jHT15DdkpxW/+o+uc+bAJQ=="
      },
      "Newtonsoft.Json": {
        "type": "CentralTransitive",
        "requested": "[13.0.3, )",
        "resolved": "13.0.3",
        "contentHash": "HrC5BXdl00IP9zeV+0Z848QWPAoCr9P3bDEZguI+gkLcBKAOxix/tLEAAHC+UvDNPv4a2d18lOReHMOagPa+zQ=="
      }
    }
  }
}